<?xml version="1.0" encoding="utf-8"?>
<Project ToolsVersion="4.0" xmlns="http://schemas.microsoft.com/developer/msbuild/2003">
  <ItemGroup>
    <Filter Include="Source Files">
      <UniqueIdentifier>{4FC737F1-C7A5-4376-A066-2A32D752A2FF}</UniqueIdentifier>
      <Extensions>cpp;c;cc;cxx;def;odl;idl;hpj;bat;asm;asmx</Extensions>
    </Filter>
    <Filter Include="Header Files">
      <UniqueIdentifier>{93995380-89BD-4b04-88EB-625FBE52EBFB}</UniqueIdentifier>
      <Extensions>h;hh;hpp;hxx;hm;inl;inc;xsd</Extensions>
    </Filter>
    <Filter Include="Resource Files">
      <UniqueIdentifier>{67DA6AB6-F800-4c08-8B7A-83BB121AAD01}</UniqueIdentifier>
      <Extensions>rc;ico;cur;bmp;dlg;rc2;rct;bin;rgs;gif;jpg;jpeg;jpe;resx;tiff;tif;png;wav;mfcribbon-ms</Extensions>
    </Filter>
  </ItemGroup>
  <ItemGroup>
    <ClCompile Include="main.cpp">
      <Filter>Source Files</Filter>
    </ClCompile>
    <ClCompile Include="src\Graphics\Shader.cpp">
      <Filter>Source Files</Filter>
    </ClCompile>
    <ClCompile Include="src\Graphics\window.cpp">
      <Filter>Source Files</Filter>
    </ClCompile>
    <ClCompile Include="src\Math\mat4.cpp">
      <Filter>Source Files</Filter>
    </ClCompile>
    <ClCompile Include="src\Math\Vectors.cpp">
      <Filter>Source Files</Filter>
    </ClCompile>
    <ClCompile Include="src\Graphics\Buffers\Buffer.cpp">
      <Filter>Source Files</Filter>
    </ClCompile>
    <ClCompile Include="src\Graphics\Buffers\IndexBuffer.cpp">
      <Filter>Source Files</Filter>
    </ClCompile>
    <ClCompile Include="src\Graphics\Buffers\VertexArray.cpp">
      <Filter>Source Files</Filter>
    </ClCompile>
    <ClCompile Include="src\Graphics\Renderable2D.cpp">
      <Filter>Source Files</Filter>
    </ClCompile>
    <ClCompile Include="src\Graphics\SimpleRenderer2D.cpp">
      <Filter>Source Files</Filter>
    </ClCompile>
    <ClCompile Include="src\Graphics\BatchRenderer2D.cpp">
      <Filter>Source Files</Filter>
    </ClCompile>
    <ClCompile Include="src\Graphics\Sprite.cpp">
      <Filter>Source Files</Filter>
    </ClCompile>
    <ClCompile Include="src\Graphics\StaticSprite.cpp">
      <Filter>Source Files</Filter>
    </ClCompile>
  </ItemGroup>
  <ItemGroup>
    <None Include="Components\Shaders\basic.frag" />
    <None Include="Components\Shaders\basic.vert" />
  </ItemGroup>
  <ItemGroup>
    <ClInclude Include="src\Graphics\Shader.h">
      <Filter>Header Files</Filter>
    </ClInclude>
    <ClInclude Include="src\Graphics\window.h">
      <Filter>Header Files</Filter>
    </ClInclude>
    <ClInclude Include="src\Math\mat4.h">
      <Filter>Header Files</Filter>
    </ClInclude>
    <ClInclude Include="src\Math\Vectors.h">
      <Filter>Header Files</Filter>
    </ClInclude>
    <ClInclude Include="src\Utils\FileUtils.h">
      <Filter>Header Files</Filter>
    </ClInclude>
    <ClInclude Include="src\Graphics\Buffers\Buffer.h">
      <Filter>Header Files</Filter>
    </ClInclude>
    <ClInclude Include="src\Graphics\Buffers\IndexBuffer.h">
      <Filter>Header Files</Filter>
    </ClInclude>
    <ClInclude Include="src\Graphics\Buffers\VertexArray.h">
      <Filter>Header Files</Filter>
    </ClInclude>
    <ClInclude Include="src\Graphics\Renderable2D.h">
      <Filter>Header Files</Filter>
    </ClInclude>
    <ClInclude Include="src\Graphics\Renderer2D.h">
      <Filter>Header Files</Filter>
    </ClInclude>
    <ClInclude Include="src\Graphics\SimpleRenderer2D.h">
      <Filter>Header Files</Filter>
    </ClInclude>
    <ClInclude Include="src\Graphics\BatchRenderer2D.h">
      <Filter>Header Files</Filter>
    </ClInclude>
    <ClInclude Include="src\Graphics\Sprite.h">
      <Filter>Header Files</Filter>
    </ClInclude>
    <ClInclude Include="src\Graphics\StaticSprite.h">
      <Filter>Header Files</Filter>
    </ClInclude>
  </ItemGroup>
</Project>